// !$*UTF8*$!
{
	archiveVersion = 1;
	classes = {
	};
	objectVersion = 50;
	objects = {

/* Begin PBXBuildFile section */
		8FB9F2A2223AF3A700BA1865 /* main.swift in Sources */ = {isa = PBXBuildFile; fileRef = 8FB9F2A1223AF3A700BA1865 /* main.swift */; };
		8FB9F2A9223AF42C00BA1865 /* Observer.swift in Sources */ = {isa = PBXBuildFile; fileRef = 8FB9F2A8223AF42C00BA1865 /* Observer.swift */; };
		8FB9F2AB223AF4A700BA1865 /* Subject.swift in Sources */ = {isa = PBXBuildFile; fileRef = 8FB9F2AA223AF4A700BA1865 /* Subject.swift */; };
		8FB9F2AD223AF94E00BA1865 /* BinaryObserver.swift in Sources */ = {isa = PBXBuildFile; fileRef = 8FB9F2AC223AF94E00BA1865 /* BinaryObserver.swift */; };
		8FB9F2AF223AFB3200BA1865 /* HexObserver.swift in Sources */ = {isa = PBXBuildFile; fileRef = 8FB9F2AE223AFB3200BA1865 /* HexObserver.swift */; };
		8FB9F2B1223AFBDD00BA1865 /* OctalObserver.swift in Sources */ = {isa = PBXBuildFile; fileRef = 8FB9F2B0223AFBDD00BA1865 /* OctalObserver.swift */; };
/* End PBXBuildFile section */

/* Begin PBXCopyFilesBuildPhase section */
		8FB9F29C223AF3A700BA1865 /* CopyFiles */ = {
			isa = PBXCopyFilesBuildPhase;
			buildActionMask = 2147483647;
			dstPath = /usr/share/man/man1/;
			dstSubfolderSpec = 0;
			files = (
			);
			runOnlyForDeploymentPostprocessing = 1;
		};
/* End PBXCopyFilesBuildPhase section */

/* Begin PBXFileReference section */
		8FB9F29E223AF3A700BA1865 /* ObserverPattern */ = {isa = PBXFileReference; explicitFileType = "compiled.mach-o.executable"; includeInIndex = 0; path = ObserverPattern; sourceTree = BUILT_PRODUCTS_DIR; };
		8FB9F2A1223AF3A700BA1865 /* main.swift */ = {isa = PBXFileReference; lastKnownFileType = sourcecode.swift; path = main.swift; sourceTree = "<group>"; };
		8FB9F2A8223AF42C00BA1865 /* Observer.swift */ = {isa = PBXFileReference; lastKnownFileType = sourcecode.swift; path = Observer.swift; sourceTree = "<group>"; };
		8FB9F2AA223AF4A700BA1865 /* Subject.swift */ = {isa = PBXFileReference; lastKnownFileType = sourcecode.swift; path = Subject.swift; sourceTree = "<group>"; };
		8FB9F2AC223AF94E00BA1865 /* BinaryObserver.swift */ = {isa = PBXFileReference; lastKnownFileType = sourcecode.swift; path = BinaryObserver.swift; sourceTree = "<group>"; };
		8FB9F2AE223AFB3200BA1865 /* HexObserver.swift */ = {isa = PBXFileReference; lastKnownFileType = sourcecode.swift; path = HexObserver.swift; sourceTree = "<group>"; };
		8FB9F2B0223AFBDD00BA1865 /* OctalObserver.swift */ = {isa = PBXFileReference; lastKnownFileType = sourcecode.swift; path = OctalObserver.swift; sourceTree = "<group>"; };
/* End PBXFileReference section */

/* Begin PBXFrameworksBuildPhase section */
		8FB9F29B223AF3A700BA1865 /* Frameworks */ = {
			isa = PBXFrameworksBuildPhase;
			buildActionMask = 2147483647;
			files = (
			);
			runOnlyForDeploymentPostprocessing = 0;
		};
/* End PBXFrameworksBuildPhase section */

/* Begin PBXGroup section */
		8FB9F295223AF3A700BA1865 = {
			isa = PBXGroup;
			children = (
				8FB9F2A0223AF3A700BA1865 /* ObserverPattern */,
				8FB9F29F223AF3A700BA1865 /* Products */,
			);
			sourceTree = "<group>";
		};
		8FB9F29F223AF3A700BA1865 /* Products */ = {
			isa = PBXGroup;
			children = (
				8FB9F29E223AF3A700BA1865 /* ObserverPattern */,
			);
			name = Products;
			sourceTree = "<group>";
		};
		8FB9F2A0223AF3A700BA1865 /* ObserverPattern */ = {
			isa = PBXGroup;
			children = (
				8FB9F2A1223AF3A700BA1865 /* main.swift */,
				8FB9F2A8223AF42C00BA1865 /* Observer.swift */,
				8FB9F2AA223AF4A700BA1865 /* Subject.swift */,
				8FB9F2AC223AF94E00BA1865 /* BinaryObserver.swift */,
				8FB9F2AE223AFB3200BA1865 /* HexObserver.swift */,
				8FB9F2B0223AFBDD00BA1865 /* OctalObserver.swift */,
			);
			path = ObserverPattern;
			sourceTree = "<group>";
		};
/* End PBXGroup section */

/* Begin PBXNativeTarget section */
		8FB9F29D223AF3A700BA1865 /* ObserverPattern */ = {
			isa = PBXNativeTarget;
			buildConfigurationList = 8FB9F2A5223AF3A700BA1865 /* Build configuration list for PBXNativeTarget "ObserverPattern" */;
			buildPhases = (
				8FB9F29A223AF3A700BA1865 /* Sources */,
				8FB9F29B223AF3A700BA1865 /* Frameworks */,
				8FB9F29C223AF3A700BA1865 /* CopyFiles */,
			);
			buildRules = (
			);
			dependencies = (
			);
			name = ObserverPattern;
			productName = ObserverPattern;
			productReference = 8FB9F29E223AF3A700BA1865 /* ObserverPattern */;
			productType = "com.apple.product-type.tool";
		};
/* End PBXNativeTarget section */

/* Begin PBXProject section */
		8FB9F296223AF3A700BA1865 /* Project object */ = {
			isa = PBXProject;
			attributes = {
				LastSwiftUpdateCheck = 1010;
				LastUpgradeCheck = 1010;
				ORGANIZATIONNAME = MrRadix;
				TargetAttributes = {
					8FB9F29D223AF3A700BA1865 = {
						CreatedOnToolsVersion = 10.1;
					};
				};
			};
			buildConfigurationList = 8FB9F299223AF3A700BA1865 /* Build configuration list for PBXProject "ObserverPattern" */;
			compatibilityVersion = "Xcode 9.3";
			developmentRegion = en;
			hasScannedForEncodings = 0;
			knownRegions = (
				en,
			);
			mainGroup = 8FB9F295223AF3A700BA1865;
			productRefGroup = 8FB9F29F223AF3A700BA1865 /* Products */;
			projectDirPath = "";
			projectRoot = "";
			targets = (
				8FB9F29D223AF3A700BA1865 /* ObserverPattern */,
			);
		};
/* End PBXProject section */

/* Begin PBXSourcesBuildPhase section */
		8FB9F29A223AF3A700BA1865 /* Sources */ = {
			isa = PBXSourcesBuildPhase;
			buildActionMask = 2147483647;
			files = (
				8FB9F2AD223AF94E00BA1865 /* BinaryObserver.swift in Sources */,
				8FB9F2AF223AFB3200BA1865 /* HexObserver.swift in Sources */,
				8FB9F2A2223AF3A700BA1865 /* main.swift in Sources */,
				8FB9F2B1223AFBDD00BA1865 /* OctalObserver.swift in Sources */,
				8FB9F2AB223AF4A700BA1865 /* Subject.swift in Sources */,
				8FB9F2A9223AF42C00BA1865 /* Observer.swift in Sources */,
			);
			runOnlyForDeploymentPostprocessing = 0;
		};
/* End PBXSourcesBuildPhase section */

/* Begin XCBuildConfiguration section */
		8FB9F2A3223AF3A700BA1865 /* Debug */ = {
			isa = XCBuildConfiguration;
			buildSettings = {
				ALWAYS_SEARCH_USER_PATHS = NO;
				CLANG_ANALYZER_NONNULL = YES;
				CLANG_ANALYZER_NUMBER_OBJECT_CONVERSION = YES_AGGRESSIVE;
				CLANG_CXX_LANGUAGE_STANDARD = "gnu++14";
				CLANG_CXX_LIBRARY = "libc++";
				CLANG_ENABLE_MODULES = YES;
				CLANG_ENABLE_OBJC_ARC = YES;
				CLANG_ENABLE_OBJC_WEAK = YES;
				CLANG_WARN_BLOCK_CAPTURE_AUTORELEASING = YES;
				CLANG_WARN_BOOL_CONVERSION = YES;
				CLANG_WARN_COMMA = YES;
				CLANG_WARN_CONSTANT_CONVERSION = YES;
				CLANG_WARN_DEPRECATED_OBJC_IMPLEMENTATIONS = YES;
				CLANG_WARN_DIRECT_OBJC_ISA_USAGE = YES_ERROR;
				CLANG_WARN_DOCUMENTATION_COMMENTS = YES;
				CLANG_WARN_EMPTY_BODY = YES;
				CLANG_WARN_ENUM_CONVERSION = YES;
				CLANG_WARN_INFINITE_RECURSION = YES;
				CLANG_WARN_INT_CONVERSION = YES;
				CLANG_WARN_NON_LITERAL_NULL_CONVERSION = YES;
				CLANG_WARN_OBJC_IMPLICIT_RETAIN_SELF = YES;
				CLANG_WARN_OBJC_LITERAL_CONVERSION = YES;
				CLANG_WARN_OBJC_ROOT_CLASS = YES_ERROR;
				CLANG_WARN_RANGE_LOOP_ANALYSIS = YES;
				CLANG_WARN_STRICT_PROTOTYPES = YES;
				CLANG_WARN_SUSPICIOUS_MOVE = YES;
				CLANG_WARN_UNGUARDED_AVAILABILITY = YES_AGGRESSIVE;
				CLANG_WARN_UNREACHABLE_CODE = YES;
				CLANG_WARN__DUPLICATE_METHOD_MATCH = YES;
				CODE_SIGN_IDENTITY = "Mac Developer";
				COPY_PHASE_STRIP = NO;
				DEBUG_INFORMATION_FORMAT = dwarf;
				ENABLE_STRICT_OBJC_MSGSEND = YES;
				ENABLE_TESTABILITY = YES;
				GCC_C_LANGUAGE_STANDARD = gnu11;
				GCC_DYNAMIC_NO_PIC = NO;
				GCC_NO_COMMON_BLOCKS = YES;
				GCC_OPTIMIZATION_LEVEL = 0;
				GCC_PREPROCESSOR_DEFINITIONS = (
					"DEBUG=1",
					"$(inherited)",
				);
				GCC_WARN_64_TO_32_BIT_CONVERSION = YES;
				GCC_WARN_ABOUT_RETURN_TYPE = YES_ERROR;
				GCC_WARN_UNDECLARED_SELECTOR = YES;
				GCC_WARN_UNINITIALIZED_AUTOS = YES_AGGRESSIVE;
				GCC_WARN_UNUSED_FUNCTION = YES;
				GCC_WARN_UNUSED_VARIABLE = YES;
				MACOSX_DEPLOYMENT_TARGET = 10.14;
				MTL_ENABLE_DEBUG_INFO = INCLUDE_SOURCE;
				MTL_FAST_MATH = YES;
				ONLY_ACTIVE_ARCH = YES;
				SDKROOT = macosx;
				SWIFT_ACTIVE_COMPILATION_CONDITIONS = DEBUG;
				SWIFT_OPTIMIZATION_LEVEL = "-Onone";
			};
			name = Debug;
		};
		8FB9F2A4223AF3A700BA1865 /* Release */ = {
			isa = XCBuildConfiguration;
			buildSettings = {
				ALWAYS_SEARCH_USER_PATHS = NO;
				CLANG_ANALYZER_NONNULL = YES;
				CLANG_ANALYZER_NUMBER_OBJECT_CONVERSION = YES_AGGRESSIVE;
				CLANG_CXX_LANGUAGE_STANDARD = "gnu++14";
				CLANG_CXX_LIBRARY = "libc++";
				CLANG_ENABLE_MODULES = YES;
				CLANG_ENABLE_OBJC_ARC = YES;
				CLANG_ENABLE_OBJC_WEAK = YES;
				CLANG_WARN_BLOCK_CAPTURE_AUTORELEASING = YES;
				CLANG_WARN_BOOL_CONVERSION = YES;
				CLANG_WARN_COMMA = YES;
				CLANG_WARN_CONSTANT_CONVERSION = YES;
				CLANG_WARN_DEPRECATED_OBJC_IMPLEMENTATIONS = YES;
				CLANG_WARN_DIRECT_OBJC_ISA_USAGE = YES_ERROR;
				CLANG_WARN_DOCUMENTATION_COMMENTS = YES;
				CLANG_WARN_EMPTY_BODY = YES;
				CLANG_WARN_ENUM_CONVERSION = YES;
				CLANG_WARN_INFINITE_RECURSION = YES;
				CLANG_WARN_INT_CONVERSION = YES;
				CLANG_WARN_NON_LITERAL_NULL_CONVERSION = YES;
				CLANG_WARN_OBJC_IMPLICIT_RETAIN_SELF = YES;
				CLANG_WARN_OBJC_LITERAL_CONVERSION = YES;
				CLANG_WARN_OBJC_ROOT_CLASS = YES_ERROR;
				CLANG_WARN_RANGE_LOOP_ANALYSIS = YES;
				CLANG_WARN_STRICT_PROTOTYPES = YES;
				CLANG_WARN_SUSPICIOUS_MOVE = YES;
				CLANG_WARN_UNGUARDED_AVAILABILITY = YES_AGGRESSIVE;
				CLANG_WARN_UNREACHABLE_CODE = YES;
				CLANG_WARN__DUPLICATE_METHOD_MATCH = YES;
				CODE_SIGN_IDENTITY = "Mac Developer";
				COPY_PHASE_STRIP = NO;
				DEBUG_INFORMATION_FORMAT = "dwarf-with-dsym";
				ENABLE_NS_ASSERTIONS = NO;
				ENABLE_STRICT_OBJC_MSGSEND = YES;
				GCC_C_LANGUAGE_STANDARD = gnu11;
				GCC_NO_COMMON_BLOCKS = YES;
				GCC_WARN_64_TO_32_BIT_CONVERSION = YES;
				GCC_WARN_ABOUT_RETURN_TYPE = YES_ERROR;
				GCC_WARN_UNDECLARED_SELECTOR = YES;
				GCC_WARN_UNINITIALIZED_AUTOS = YES_AGGRESSIVE;
				GCC_WARN_UNUSED_FUNCTION = YES;
				GCC_WARN_UNUSED_VARIABLE = YES;
				MACOSX_DEPLOYMENT_TARGET = 10.14;
				MTL_ENABLE_DEBUG_INFO = NO;
				MTL_FAST_MATH = YES;
				SDKROOT = macosx;
				SWIFT_COMPILATION_MODE = wholemodule;
				SWIFT_OPTIMIZATION_LEVEL = "-O";
			};
			name = Release;
		};
		8FB9F2A6223AF3A700BA1865 /* Debug */ = {
			isa = XCBuildConfiguration;
			buildSettings = {
				CODE_SIGN_STYLE = Automatic;
				DEVELOPMENT_TEAM = TPMJ9P566X;
				PRODUCT_NAME = "$(TARGET_NAME)";
				SWIFT_VERSION = 4.2;
			};
			name = Debug;
		};
		8FB9F2A7223AF3A700BA1865 /* Release */ = {
			isa = XCBuildConfiguration;
			buildSettings = {
				CODE_SIGN_STYLE = Automatic;
				DEVELOPMENT_TEAM = TPMJ9P566X;
				PRODUCT_NAME = "$(TARGET_NAME)";
				SWIFT_VERSION = 4.2;
			};
			name = Release;
		};
/* End XCBuildConfiguration section */

/* Begin XCConfigurationList section */
		8FB9F299223AF3A700BA1865 /* Build configuration list for PBXProject "ObserverPattern" */ = {
			isa = XCConfigurationList;
			buildConfigurations = (
				8FB9F2A3223AF3A700BA1865 /* Debug */,
				8FB9F2A4223AF3A700BA1865 /* Release */,
			);
			defaultConfigurationIsVisible = 0;
			defaultConfigurationName = Release;
		};
		8FB9F2A5223AF3A700BA1865 /* Build configuration list for PBXNativeTarget "ObserverPattern" */ = {
			isa = XCConfigurationList;
			buildConfigurations = (
				8FB9F2A6223AF3A700BA1865 /* Debug */,
				8FB9F2A7223AF3A700BA1865 /* Release */,
			);
			defaultConfigurationIsVisible = 0;
			defaultConfigurationName = Release;
		};
/* End XCConfigurationList section */
	};
	rootObject = 8FB9F296223AF3A700BA1865 /* Project object */;
}
